
Microsoft Visual Studio Solution File, Format Version 12.00
# Visual Studio Version 17
VisualStudioVersion = 17.7.34024.191
MinimumVisualStudioVersion = 10.0.40219.1
Project("{9A19103F-16F7-4668-BE54-9A1E7A4F7556}") = "NET1705_FService.API", "NET1705_FService.API\NET1705_FService.API.csproj", "{C820E5E6-0710-47A3-A726-3DFD9F324CDB}"
EndProject
Project("{9A19103F-16F7-4668-BE54-9A1E7A4F7556}") = "NET1705_FService.Services", "NET1705_FService.Services\NET1705_FService.Services.csproj", "{8D010DC8-A68F-41BD-A853-A04661F006F1}"
EndProject
Project("{9A19103F-16F7-4668-BE54-9A1E7A4F7556}") = "NET1705_FService.Repositories", "NET1705_FService.Repositories\NET1705_FService.Repositories.csproj", "{DF3D5D44-2505-47D4-8309-0A09224BB91F}"
EndProject
Project("{9A19103F-16F7-4668-BE54-9A1E7A4F7556}") = "NET1705_FService.Library", "Library\NET1705_FService.Library.csproj", "{2857C11D-9B9A-4E77-9967-87CBF123B5FB}"
EndProject
Global
	GlobalSection(SolutionConfigurationPlatforms) = preSolution
		Debug|Any CPU = Debug|Any CPU
		Release|Any CPU = Release|Any CPU
	EndGlobalSection
	GlobalSection(ProjectConfigurationPlatforms) = postSolution
		{C820E5E6-0710-47A3-A726-3DFD9F324CDB}.Debug|Any CPU.ActiveCfg = Debug|Any CPU
		{C820E5E6-0710-47A3-A726-3DFD9F324CDB}.Debug|Any CPU.Build.0 = Debug|Any CPU
		{C820E5E6-0710-47A3-A726-3DFD9F324CDB}.Release|Any CPU.ActiveCfg = Release|Any CPU
		{C820E5E6-0710-47A3-A726-3DFD9F324CDB}.Release|Any CPU.Build.0 = Release|Any CPU
		{8D010DC8-A68F-41BD-A853-A04661F006F1}.Debug|Any CPU.ActiveCfg = Debug|Any CPU
		{8D010DC8-A68F-41BD-A853-A04661F006F1}.Debug|Any CPU.Build.0 = Debug|Any CPU
		{8D010DC8-A68F-41BD-A853-A04661F006F1}.Release|Any CPU.ActiveCfg = Release|Any CPU
		{8D010DC8-A68F-41BD-A853-A04661F006F1}.Release|Any CPU.Build.0 = Release|Any CPU
		{DF3D5D44-2505-47D4-8309-0A09224BB91F}.Debug|Any CPU.ActiveCfg = Debug|Any CPU
		{DF3D5D44-2505-47D4-8309-0A09224BB91F}.Debug|Any CPU.Build.0 = Debug|Any CPU
		{DF3D5D44-2505-47D4-8309-0A09224BB91F}.Release|Any CPU.ActiveCfg = Release|Any CPU
		{DF3D5D44-2505-47D4-8309-0A09224BB91F}.Release|Any CPU.Build.0 = Release|Any CPU
		{2857C11D-9B9A-4E77-9967-87CBF123B5FB}.Debug|Any CPU.ActiveCfg = Debug|Any CPU
		{2857C11D-9B9A-4E77-9967-87CBF123B5FB}.Debug|Any CPU.Build.0 = Debug|Any CPU
		{2857C11D-9B9A-4E77-9967-87CBF123B5FB}.Release|Any CPU.ActiveCfg = Release|Any CPU
		{2857C11D-9B9A-4E77-9967-87CBF123B5FB}.Release|Any CPU.Build.0 = Release|Any CPU
	EndGlobalSection
	GlobalSection(SolutionProperties) = preSolution
		HideSolutionNode = FALSE
	EndGlobalSection
	GlobalSection(ExtensibilityGlobals) = postSolution
		SolutionGuid = {FD509E08-2192-4037-A3B3-3B8BD1AC54DA}
	EndGlobalSection
EndGlobal
